
Microsoft Visual Studio Solution File, Format Version 12.00
# Visual Studio Version 17
VisualStudioVersion = 17.14.36414.22 d17.14
MinimumVisualStudioVersion = 10.0.40219.1
Project("{FAE04EC0-301F-11D3-BF4B-00C04F79EFBC}") = "ApiProj", "ApiProj.csproj", "{E391EEDA-045B-4082-9313-FACF5FFFA3C9}"
EndProject
Global
	GlobalSection(SolutionConfigurationPlatforms) = preSolution
		Debug|Any CPU = Debug|Any CPU
		Release|Any CPU = Release|Any CPU
	EndGlobalSection
	GlobalSection(ProjectConfigurationPlatforms) = postSolution
		{E391EEDA-045B-4082-9313-FACF5FFFA3C9}.Debug|Any CPU.ActiveCfg = Debug|Any CPU
		{E391EEDA-045B-4082-9313-FACF5FFFA3C9}.Debug|Any CPU.Build.0 = Debug|Any CPU
		{E391EEDA-045B-4082-9313-FACF5FFFA3C9}.Release|Any CPU.ActiveCfg = Release|Any CPU
		{E391EEDA-045B-4082-9313-FACF5FFFA3C9}.Release|Any CPU.Build.0 = Release|Any CPU
	EndGlobalSection
	GlobalSection(SolutionProperties) = preSolution
		HideSolutionNode = FALSE
	EndGlobalSection
	GlobalSection(ExtensibilityGlobals) = postSolution
		SolutionGuid = {4095F63E-B0F7-4EF4-B1D8-B7385992CA2E}
	EndGlobalSection
EndGlobal
